
Microsoft Visual Studio Solution File, Format Version 12.00
# Visual Studio Version 16
VisualStudioVersion = 16.0.30804.86
MinimumVisualStudioVersion = 10.0.40219.1
Project("{FAE04EC0-301F-11D3-BF4B-00C04F79EFBC}") = "ElesElas", "ElesElas.csproj", "{B0B647CF-B5F6-41E8-9552-486287733D89}"
EndProject
Global
	GlobalSection(SolutionConfigurationPlatforms) = preSolution
		Debug|Any CPU = Debug|Any CPU
		Release|Any CPU = Release|Any CPU
	EndGlobalSection
	GlobalSection(ProjectConfigurationPlatforms) = postSolution
		{B0B647CF-B5F6-41E8-9552-486287733D89}.Debug|Any CPU.ActiveCfg = Debug|Any CPU
		{B0B647CF-B5F6-41E8-9552-486287733D89}.Debug|Any CPU.Build.0 = Debug|Any CPU
		{B0B647CF-B5F6-41E8-9552-486287733D89}.Release|Any CPU.ActiveCfg = Release|Any CPU
		{B0B647CF-B5F6-41E8-9552-486287733D89}.Release|Any CPU.Build.0 = Release|Any CPU
	EndGlobalSection
	GlobalSection(SolutionProperties) = preSolution
		HideSolutionNode = FALSE
	EndGlobalSection
	GlobalSection(ExtensibilityGlobals) = postSolution
		SolutionGuid = {90A9E737-2208-4FC2-A992-7CBD6408FCB0}
	EndGlobalSection
EndGlobal
